<?xml version="1.0" encoding="utf-8"?>
<Project ToolsVersion="4.0" xmlns="http://schemas.microsoft.com/developer/msbuild/2003">
  <ItemGroup>
    <FxCompile Include="CRTFilter.hlsl" />
    <FxCompile Include="InitTexture.hlsl" />
    <FxCompile Include="Opacity.hlsl" />
    <FxCompile Include="OpacityPost.hlsl" />
    <FxCompile Include="Shaders\BloomComposite.hlsl" />
    <FxCompile Include="Shaders\BloomFilter.hlsl" />
    <FxCompile Include="Shaders\BlurPS.hlsl" />
    <FxCompile Include="Shaders\BlurVS.hlsl" />
    <FxCompile Include="Shaders\ChromaticAberation.hlsl" />
    <FxCompile Include="Shaders\DebugMeshPixel.hlsl" />
    <FxCompile Include="Shaders\DebugMeshVertex.hlsl" />
    <FxCompile Include="Shaders\DebugVecPixel.hlsl" />
    <FxCompile Include="Shaders\DebugVecVertex.hlsl" />
    <FxCompile Include="Shaders\Final.hlsl" />
    <FxCompile Include="Shaders\FinalVS.hlsl" />
    <FxCompile Include="Shaders\FXAA.hlsl" />
    <FxCompile Include="Shaders\PixelShader.hlsl" />
    <FxCompile Include="Shaders\ToonPixelShader.hlsl" />
    <FxCompile Include="Shaders\VertexShader.hlsl" />
    <FxCompile Include="ToothPixel.hlsl" />
    <FxCompile Include="Shaders\EdgePS.hlsl" />
    <FxCompile Include="EdgeOutlinePS.hlsl" />
  </ItemGroup>
  <ItemGroup>
    <ClCompile Include="AudioManager.cpp" />
    <ClCompile Include="Bloom.cpp" />
    <ClCompile Include="Blur.cpp" />
    <ClCompile Include="Bullet.cpp" />
    <ClCompile Include="Callback.h" />
    <ClCompile Include="Camera.cpp" />
    <ClCompile Include="Cannon.cpp" />
    <ClCompile Include="ChromaticAberation.cpp" />
    <ClCompile Include="Collider.cpp" />
    <ClCompile Include="ColliderObject.cpp" />
    <ClCompile Include="CollisionManager.cpp" />
    <ClCompile Include="CRT.cpp" />
    <ClCompile Include="DebugBenchmark.cpp" />
    <ClCompile Include="DispatcherCallbackMap.cpp" />
    <ClCompile Include="DisplayEvent.cpp" />
    <ClCompile Include="Drawable.cpp" />
    <ClCompile Include="DrawDebug.cpp" />
    <ClCompile Include="DrawMesh.cpp" />
    <ClCompile Include="EdgeDetect.cpp" />
    <ClCompile Include="FXAA.cpp" />
    <ClCompile Include="GameEntryPoint.hpp" />
    <ClCompile Include="GameObject.cpp" />
    <ClCompile Include="Event.cpp" />
    <ClCompile Include="EventDispatcher.cpp" />
    <ClCompile Include="FileImportData.cpp" />
    <ClCompile Include="FileImporter.cpp" />
    <ClCompile Include="Game.cpp" />
    <ClCompile Include="GameEvent.cpp" />
    <ClCompile Include="GameOverScene.cpp" />
    <ClCompile Include="GameOverState.cpp" />
    <ClCompile Include="GameScene.cpp" />
    <ClCompile Include="GameState.cpp" />
    <ClCompile Include="ImportData.cpp" />
    <ClCompile Include="KeyboardEvent.cpp" />
    <ClCompile Include="MarchMath.cpp" />
    <ClCompile Include="Material.cpp" />
    <ClCompile Include="MenuScene.cpp" />
    <ClCompile Include="MenuState.cpp" />
    <ClCompile Include="Mesh.cpp" />
    <ClCompile Include="MeshImportData.cpp" />
    <ClCompile Include="MeshImporter.cpp" />
    <ClCompile Include="MouseEvent.cpp" />
    <ClCompile Include="OpacityCompute.cpp" />
    <ClCompile Include="OpacityRadius.cpp" />
    <ClCompile Include="PostChainManager.cpp" />
    <ClCompile Include="PostProcess.cpp" />
    <ClCompile Include="PostProcessBase.cpp" />
    <ClCompile Include="RootCanal.cpp" />
    <ClCompile Include="dxerr.cpp" />
    <ClCompile Include="DirectXGameCore.cpp" />
    <ClCompile Include="OctTree.cpp" />
    <ClCompile Include="OctTreeNode.cpp" />
    <ClCompile Include="RigidBody.cpp" />
    <ClCompile Include="SceneEvent.cpp" />
    <ClCompile Include="SceneTransitionState.cpp" />
    <ClCompile Include="Shader.cpp" />
    <ClCompile Include="Ship.cpp" />
    <ClCompile Include="SimpleShader.cpp" />
    <ClCompile Include="ToothFront.cpp" />
    <ClCompile Include="Transform.cpp" />
    <ClCompile Include="UIAxes.cpp" />
    <ClCompile Include="UIObject.cpp" />
    <ClCompile Include="UIText.cpp" />
    <ClCompile Include="EdgeOutlineDetect.cpp" />
  </ItemGroup>
  <ItemGroup>
    <ClInclude Include="AudioManager.h" />
    <ClInclude Include="Bloom.h" />
    <ClInclude Include="Blur.h" />
    <ClInclude Include="Bullet.h" />
    <ClInclude Include="Camera.h" />
    <ClInclude Include="Cannon.h" />
    <ClInclude Include="ChromaticAberation.h" />
    <ClInclude Include="Collider.h" />
    <ClInclude Include="ColliderObject.h" />
    <ClInclude Include="CollisionManager.h" />
    <ClInclude Include="CRT.h" />
    <ClInclude Include="DebugBenchmark.h" />
    <ClInclude Include="DispatcherCallbackMap.h" />
    <ClInclude Include="DisplayEvent.h" />
    <ClInclude Include="Drawable.h" />
    <ClInclude Include="DrawDebug.h" />
    <ClInclude Include="DrawMesh.h" />
    <ClInclude Include="DXInfo.h" />
    <ClInclude Include="EdgeDetect.h" />
    <ClInclude Include="FXAA.h" />
    <ClInclude Include="GameObject.h" />
    <ClInclude Include="Event.h" />
    <ClInclude Include="EventDispatcher.h" />
    <ClInclude Include="FileImportData.h" />
    <ClInclude Include="FileImporter.h" />
    <ClInclude Include="Game.h" />
    <ClInclude Include="GameEvent.h" />
    <ClInclude Include="GameException.h" />
    <ClInclude Include="GameOverScene.h" />
    <ClInclude Include="GameOverState.h" />
    <ClInclude Include="GameScene.h" />
    <ClInclude Include="GameState.h" />
    <ClInclude Include="IEventDispatcher.h" />
    <ClInclude Include="IImporter.h" />
    <ClInclude Include="ImportData.h" />
    <ClInclude Include="Keyboard.h" />
    <ClInclude Include="KeyboardEvent.h" />
    <ClInclude Include="Light.h" />
    <ClInclude Include="MarchMath.h" />
    <ClInclude Include="Material.h" />
    <ClInclude Include="MenuScene.h" />
    <ClInclude Include="MenuState.h" />
    <ClInclude Include="Mesh.h" />
    <ClInclude Include="MeshImportData.h" />
    <ClInclude Include="MeshImporter.h" />
    <ClInclude Include="Mouse.h" />
    <ClInclude Include="MouseEvent.h" />
    <ClInclude Include="OpacityCompute.h" />
    <ClInclude Include="OpacityRadius.h" />
    <ClInclude Include="PostChainManager.h" />
    <ClInclude Include="PostProcess.h" />
    <ClInclude Include="PostProcessBase.h" />
    <ClInclude Include="RootCanal.h" />
    <ClInclude Include="dxerr.h" />
    <ClInclude Include="DirectXGameCore.h" />
    <ClInclude Include="OctTree.h" />
    <ClInclude Include="OctTreeNode.h" />
    <ClInclude Include="RigidBody.h" />
    <ClInclude Include="Scene.h" />
    <ClInclude Include="SceneEvent.h" />
    <ClInclude Include="SceneTransitionState.h" />
    <ClInclude Include="Shader.h" />
    <ClInclude Include="Ship.h" />
    <ClInclude Include="SimpleShader.h" />
    <ClInclude Include="State.h" />
    <ClInclude Include="StateManager.h" />
    <ClInclude Include="ToothFront.h" />
    <ClInclude Include="Transform.h" />
    <ClInclude Include="UIAxes.h" />
    <ClInclude Include="UIObject.h" />
    <ClInclude Include="UIText.h" />
    <ClInclude Include="Vertex.h" />
    <ClInclude Include="EdgeOutlineDetect.h" />
  </ItemGroup>
  <ItemGroup>
    <None Include="packages.config" />
  </ItemGroup>
</Project>